// !$*UTF8*$!
{
	archiveVersion = 1;
	classes = {
	};
	objectVersion = 50;
	objects = {

/* Begin PBXBuildFile section */
		972B68E1239BDFB900A0C54A /* day01.cpp in Sources */ = {isa = PBXBuildFile; fileRef = 972B68DF239BDFB900A0C54A /* day01.cpp */; };
		972B68E6239BFC0E00A0C54A /* fileReader.cpp in Sources */ = {isa = PBXBuildFile; fileRef = 972B68E4239BFC0E00A0C54A /* fileReader.cpp */; };
		972B68ED239C656C00A0C54A /* puzzle.cpp in Sources */ = {isa = PBXBuildFile; fileRef = 972B68EB239C656C00A0C54A /* puzzle.cpp */; };
		9734FD59239B07B900082B48 /* main.cpp in Sources */ = {isa = PBXBuildFile; fileRef = 9734FD58239B07B900082B48 /* main.cpp */; };
		977C60AB239EF64200A44202 /* day02.cpp in Sources */ = {isa = PBXBuildFile; fileRef = 977C60A9239EF64200A44202 /* day02.cpp */; };
		97E80D5323A070AB0045FCB2 /* day03.cpp in Sources */ = {isa = PBXBuildFile; fileRef = 97E80D5123A070AB0045FCB2 /* day03.cpp */; };
/* End PBXBuildFile section */

/* Begin PBXCopyFilesBuildPhase section */
		9734FD53239B07B900082B48 /* CopyFiles */ = {
			isa = PBXCopyFilesBuildPhase;
			buildActionMask = 2147483647;
			dstPath = /usr/share/man/man1/;
			dstSubfolderSpec = 0;
			files = (
			);
			runOnlyForDeploymentPostprocessing = 1;
		};
/* End PBXCopyFilesBuildPhase section */

/* Begin PBXFileReference section */
		972B68DF239BDFB900A0C54A /* day01.cpp */ = {isa = PBXFileReference; lastKnownFileType = sourcecode.cpp.cpp; name = day01.cpp; path = puzzle/day01.cpp; sourceTree = "<group>"; };
		972B68E0239BDFB900A0C54A /* day01.hpp */ = {isa = PBXFileReference; lastKnownFileType = sourcecode.cpp.h; name = day01.hpp; path = puzzle/day01.hpp; sourceTree = "<group>"; };
		972B68E2239BDFD500A0C54A /* day01.txt */ = {isa = PBXFileReference; lastKnownFileType = text; name = day01.txt; path = input/day01.txt; sourceTree = "<group>"; };
		972B68E4239BFC0E00A0C54A /* fileReader.cpp */ = {isa = PBXFileReference; lastKnownFileType = sourcecode.cpp.cpp; path = fileReader.cpp; sourceTree = "<group>"; };
		972B68E5239BFC0E00A0C54A /* fileReader.hpp */ = {isa = PBXFileReference; lastKnownFileType = sourcecode.cpp.h; path = fileReader.hpp; sourceTree = "<group>"; };
		972B68E7239C11BF00A0C54A /* .gitignore */ = {isa = PBXFileReference; lastKnownFileType = text; path = .gitignore; sourceTree = "<group>"; };
		972B68EB239C656C00A0C54A /* puzzle.cpp */ = {isa = PBXFileReference; lastKnownFileType = sourcecode.cpp.cpp; path = puzzle.cpp; sourceTree = "<group>"; };
		972B68EC239C656C00A0C54A /* puzzle.hpp */ = {isa = PBXFileReference; lastKnownFileType = sourcecode.cpp.h; path = puzzle.hpp; sourceTree = "<group>"; };
		972B68EE239C6DE400A0C54A /* README.md */ = {isa = PBXFileReference; lastKnownFileType = net.daringfireball.markdown; path = README.md; sourceTree = "<group>"; };
		9734FD55239B07B900082B48 /* adventofcode */ = {isa = PBXFileReference; explicitFileType = "compiled.mach-o.executable"; includeInIndex = 0; path = adventofcode; sourceTree = BUILT_PRODUCTS_DIR; };
		9734FD58239B07B900082B48 /* main.cpp */ = {isa = PBXFileReference; lastKnownFileType = sourcecode.cpp.cpp; path = main.cpp; sourceTree = "<group>"; };
		977C60A8239EF5DA00A44202 /* day02.txt */ = {isa = PBXFileReference; lastKnownFileType = text; name = day02.txt; path = input/day02.txt; sourceTree = "<group>"; };
		977C60A9239EF64200A44202 /* day02.cpp */ = {isa = PBXFileReference; lastKnownFileType = sourcecode.cpp.cpp; name = day02.cpp; path = puzzle/day02.cpp; sourceTree = "<group>"; };
		977C60AA239EF64200A44202 /* day02.hpp */ = {isa = PBXFileReference; lastKnownFileType = sourcecode.cpp.h; name = day02.hpp; path = puzzle/day02.hpp; sourceTree = "<group>"; };
		97E80D5123A070AB0045FCB2 /* day03.cpp */ = {isa = PBXFileReference; lastKnownFileType = sourcecode.cpp.cpp; name = day03.cpp; path = puzzle/day03.cpp; sourceTree = "<group>"; };
		97E80D5223A070AB0045FCB2 /* day03.hpp */ = {isa = PBXFileReference; lastKnownFileType = sourcecode.cpp.h; name = day03.hpp; path = puzzle/day03.hpp; sourceTree = "<group>"; };
		97E80D5423A0718C0045FCB2 /* day03.txt */ = {isa = PBXFileReference; lastKnownFileType = text; name = day03.txt; path = input/day03.txt; sourceTree = "<group>"; };
/* End PBXFileReference section */

/* Begin PBXFrameworksBuildPhase section */
		9734FD52239B07B900082B48 /* Frameworks */ = {
			isa = PBXFrameworksBuildPhase;
			buildActionMask = 2147483647;
			files = (
			);
			runOnlyForDeploymentPostprocessing = 0;
		};
/* End PBXFrameworksBuildPhase section */

/* Begin PBXGroup section */
		9734FD4C239B07B900082B48 = {
			isa = PBXGroup;
			children = (
				972B68EE239C6DE400A0C54A /* README.md */,
				972B68E7239C11BF00A0C54A /* .gitignore */,
				9734FD57239B07B900082B48 /* adventofcode */,
				9734FD56239B07B900082B48 /* Products */,
			);
			sourceTree = "<group>";
		};
		9734FD56239B07B900082B48 /* Products */ = {
			isa = PBXGroup;
			children = (
				9734FD55239B07B900082B48 /* adventofcode */,
			);
			name = Products;
			sourceTree = "<group>";
		};
		9734FD57239B07B900082B48 /* adventofcode */ = {
			isa = PBXGroup;
			children = (
				9734FD58239B07B900082B48 /* main.cpp */,
				972B68E4239BFC0E00A0C54A /* fileReader.cpp */,
				972B68E5239BFC0E00A0C54A /* fileReader.hpp */,
				972B68DF239BDFB900A0C54A /* day01.cpp */,
				972B68E0239BDFB900A0C54A /* day01.hpp */,
				972B68E2239BDFD500A0C54A /* day01.txt */,
				972B68EB239C656C00A0C54A /* puzzle.cpp */,
				972B68EC239C656C00A0C54A /* puzzle.hpp */,
				977C60A8239EF5DA00A44202 /* day02.txt */,
				977C60A9239EF64200A44202 /* day02.cpp */,
				977C60AA239EF64200A44202 /* day02.hpp */,
				97E80D5123A070AB0045FCB2 /* day03.cpp */,
				97E80D5223A070AB0045FCB2 /* day03.hpp */,
				97E80D5423A0718C0045FCB2 /* day03.txt */,
			);
			path = adventofcode;
			sourceTree = "<group>";
		};
/* End PBXGroup section */

/* Begin PBXNativeTarget section */
		9734FD54239B07B900082B48 /* adventofcode */ = {
			isa = PBXNativeTarget;
			buildConfigurationList = 9734FD5C239B07B900082B48 /* Build configuration list for PBXNativeTarget "adventofcode" */;
			buildPhases = (
				9734FD51239B07B900082B48 /* Sources */,
				9734FD52239B07B900082B48 /* Frameworks */,
				9734FD53239B07B900082B48 /* CopyFiles */,
			);
			buildRules = (
			);
			dependencies = (
			);
			name = adventofcode;
			productName = adventofcode;
			productReference = 9734FD55239B07B900082B48 /* adventofcode */;
			productType = "com.apple.product-type.tool";
		};
/* End PBXNativeTarget section */

/* Begin PBXProject section */
		9734FD4D239B07B900082B48 /* Project object */ = {
			isa = PBXProject;
			attributes = {
				LastUpgradeCheck = 1120;
				ORGANIZATIONNAME = "Merovee Charrue";
				TargetAttributes = {
					9734FD54239B07B900082B48 = {
						CreatedOnToolsVersion = 11.2.1;
					};
				};
			};
			buildConfigurationList = 9734FD50239B07B900082B48 /* Build configuration list for PBXProject "adventofcode" */;
			compatibilityVersion = "Xcode 9.3";
			developmentRegion = en;
			hasScannedForEncodings = 0;
			knownRegions = (
				en,
				Base,
			);
			mainGroup = 9734FD4C239B07B900082B48;
			productRefGroup = 9734FD56239B07B900082B48 /* Products */;
			projectDirPath = "";
			projectRoot = "";
			targets = (
				9734FD54239B07B900082B48 /* adventofcode */,
			);
		};
/* End PBXProject section */

/* Begin PBXSourcesBuildPhase section */
		9734FD51239B07B900082B48 /* Sources */ = {
			isa = PBXSourcesBuildPhase;
			buildActionMask = 2147483647;
			files = (
				977C60AB239EF64200A44202 /* day02.cpp in Sources */,
				97E80D5323A070AB0045FCB2 /* day03.cpp in Sources */,
				972B68E6239BFC0E00A0C54A /* fileReader.cpp in Sources */,
				972B68ED239C656C00A0C54A /* puzzle.cpp in Sources */,
				9734FD59239B07B900082B48 /* main.cpp in Sources */,
				972B68E1239BDFB900A0C54A /* day01.cpp in Sources */,
			);
			runOnlyForDeploymentPostprocessing = 0;
		};
/* End PBXSourcesBuildPhase section */

/* Begin XCBuildConfiguration section */
		9734FD5A239B07B900082B48 /* Debug */ = {
			isa = XCBuildConfiguration;
			buildSettings = {
				ALWAYS_SEARCH_USER_PATHS = NO;
				CLANG_ANALYZER_NONNULL = YES;
				CLANG_ANALYZER_NUMBER_OBJECT_CONVERSION = YES_AGGRESSIVE;
				CLANG_CXX_LANGUAGE_STANDARD = "gnu++14";
				CLANG_CXX_LIBRARY = "libc++";
				CLANG_ENABLE_MODULES = YES;
				CLANG_ENABLE_OBJC_ARC = YES;
				CLANG_ENABLE_OBJC_WEAK = YES;
				CLANG_WARN_BLOCK_CAPTURE_AUTORELEASING = YES;
				CLANG_WARN_BOOL_CONVERSION = YES;
				CLANG_WARN_COMMA = YES;
				CLANG_WARN_CONSTANT_CONVERSION = YES;
				CLANG_WARN_DEPRECATED_OBJC_IMPLEMENTATIONS = YES;
				CLANG_WARN_DIRECT_OBJC_ISA_USAGE = YES_ERROR;
				CLANG_WARN_DOCUMENTATION_COMMENTS = YES;
				CLANG_WARN_EMPTY_BODY = YES;
				CLANG_WARN_ENUM_CONVERSION = YES;
				CLANG_WARN_INFINITE_RECURSION = YES;
				CLANG_WARN_INT_CONVERSION = YES;
				CLANG_WARN_NON_LITERAL_NULL_CONVERSION = YES;
				CLANG_WARN_OBJC_IMPLICIT_RETAIN_SELF = YES;
				CLANG_WARN_OBJC_LITERAL_CONVERSION = YES;
				CLANG_WARN_OBJC_ROOT_CLASS = YES_ERROR;
				CLANG_WARN_RANGE_LOOP_ANALYSIS = YES;
				CLANG_WARN_STRICT_PROTOTYPES = YES;
				CLANG_WARN_SUSPICIOUS_MOVE = YES;
				CLANG_WARN_UNGUARDED_AVAILABILITY = YES_AGGRESSIVE;
				CLANG_WARN_UNREACHABLE_CODE = YES;
				CLANG_WARN__DUPLICATE_METHOD_MATCH = YES;
				COPY_PHASE_STRIP = NO;
				DEBUG_INFORMATION_FORMAT = dwarf;
				ENABLE_STRICT_OBJC_MSGSEND = YES;
				ENABLE_TESTABILITY = YES;
				GCC_C_LANGUAGE_STANDARD = gnu11;
				GCC_DYNAMIC_NO_PIC = NO;
				GCC_NO_COMMON_BLOCKS = YES;
				GCC_OPTIMIZATION_LEVEL = 0;
				GCC_PREPROCESSOR_DEFINITIONS = (
					"DEBUG=1",
					"$(inherited)",
				);
				GCC_WARN_64_TO_32_BIT_CONVERSION = YES;
				GCC_WARN_ABOUT_RETURN_TYPE = YES_ERROR;
				GCC_WARN_UNDECLARED_SELECTOR = YES;
				GCC_WARN_UNINITIALIZED_AUTOS = YES_AGGRESSIVE;
				GCC_WARN_UNUSED_FUNCTION = YES;
				GCC_WARN_UNUSED_VARIABLE = YES;
				MACOSX_DEPLOYMENT_TARGET = 10.14;
				MTL_ENABLE_DEBUG_INFO = INCLUDE_SOURCE;
				MTL_FAST_MATH = YES;
				ONLY_ACTIVE_ARCH = YES;
				SDKROOT = macosx;
			};
			name = Debug;
		};
		9734FD5B239B07B900082B48 /* Release */ = {
			isa = XCBuildConfiguration;
			buildSettings = {
				ALWAYS_SEARCH_USER_PATHS = NO;
				CLANG_ANALYZER_NONNULL = YES;
				CLANG_ANALYZER_NUMBER_OBJECT_CONVERSION = YES_AGGRESSIVE;
				CLANG_CXX_LANGUAGE_STANDARD = "gnu++14";
				CLANG_CXX_LIBRARY = "libc++";
				CLANG_ENABLE_MODULES = YES;
				CLANG_ENABLE_OBJC_ARC = YES;
				CLANG_ENABLE_OBJC_WEAK = YES;
				CLANG_WARN_BLOCK_CAPTURE_AUTORELEASING = YES;
				CLANG_WARN_BOOL_CONVERSION = YES;
				CLANG_WARN_COMMA = YES;
				CLANG_WARN_CONSTANT_CONVERSION = YES;
				CLANG_WARN_DEPRECATED_OBJC_IMPLEMENTATIONS = YES;
				CLANG_WARN_DIRECT_OBJC_ISA_USAGE = YES_ERROR;
				CLANG_WARN_DOCUMENTATION_COMMENTS = YES;
				CLANG_WARN_EMPTY_BODY = YES;
				CLANG_WARN_ENUM_CONVERSION = YES;
				CLANG_WARN_INFINITE_RECURSION = YES;
				CLANG_WARN_INT_CONVERSION = YES;
				CLANG_WARN_NON_LITERAL_NULL_CONVERSION = YES;
				CLANG_WARN_OBJC_IMPLICIT_RETAIN_SELF = YES;
				CLANG_WARN_OBJC_LITERAL_CONVERSION = YES;
				CLANG_WARN_OBJC_ROOT_CLASS = YES_ERROR;
				CLANG_WARN_RANGE_LOOP_ANALYSIS = YES;
				CLANG_WARN_STRICT_PROTOTYPES = YES;
				CLANG_WARN_SUSPICIOUS_MOVE = YES;
				CLANG_WARN_UNGUARDED_AVAILABILITY = YES_AGGRESSIVE;
				CLANG_WARN_UNREACHABLE_CODE = YES;
				CLANG_WARN__DUPLICATE_METHOD_MATCH = YES;
				COPY_PHASE_STRIP = NO;
				DEBUG_INFORMATION_FORMAT = "dwarf-with-dsym";
				ENABLE_NS_ASSERTIONS = NO;
				ENABLE_STRICT_OBJC_MSGSEND = YES;
				GCC_C_LANGUAGE_STANDARD = gnu11;
				GCC_NO_COMMON_BLOCKS = YES;
				GCC_WARN_64_TO_32_BIT_CONVERSION = YES;
				GCC_WARN_ABOUT_RETURN_TYPE = YES_ERROR;
				GCC_WARN_UNDECLARED_SELECTOR = YES;
				GCC_WARN_UNINITIALIZED_AUTOS = YES_AGGRESSIVE;
				GCC_WARN_UNUSED_FUNCTION = YES;
				GCC_WARN_UNUSED_VARIABLE = YES;
				MACOSX_DEPLOYMENT_TARGET = 10.14;
				MTL_ENABLE_DEBUG_INFO = NO;
				MTL_FAST_MATH = YES;
				SDKROOT = macosx;
			};
			name = Release;
		};
		9734FD5D239B07B900082B48 /* Debug */ = {
			isa = XCBuildConfiguration;
			buildSettings = {
				CODE_SIGN_STYLE = Automatic;
				PRODUCT_NAME = "$(TARGET_NAME)";
			};
			name = Debug;
		};
		9734FD5E239B07B900082B48 /* Release */ = {
			isa = XCBuildConfiguration;
			buildSettings = {
				CODE_SIGN_STYLE = Automatic;
				PRODUCT_NAME = "$(TARGET_NAME)";
			};
			name = Release;
		};
/* End XCBuildConfiguration section */

/* Begin XCConfigurationList section */
		9734FD50239B07B900082B48 /* Build configuration list for PBXProject "adventofcode" */ = {
			isa = XCConfigurationList;
			buildConfigurations = (
				9734FD5A239B07B900082B48 /* Debug */,
				9734FD5B239B07B900082B48 /* Release */,
			);
			defaultConfigurationIsVisible = 0;
			defaultConfigurationName = Release;
		};
		9734FD5C239B07B900082B48 /* Build configuration list for PBXNativeTarget "adventofcode" */ = {
			isa = XCConfigurationList;
			buildConfigurations = (
				9734FD5D239B07B900082B48 /* Debug */,
				9734FD5E239B07B900082B48 /* Release */,
			);
			defaultConfigurationIsVisible = 0;
			defaultConfigurationName = Release;
		};
/* End XCConfigurationList section */
	};
	rootObject = 9734FD4D239B07B900082B48 /* Project object */;
}
